
Microsoft Visual Studio Solution File, Format Version 12.00
# Visual Studio Version 17
VisualStudioVersion = 17.14.36616.10 d17.14
MinimumVisualStudioVersion = 10.0.40219.1
Project("{FAE04EC0-301F-11D3-BF4B-00C04F79EFBC}") = "QuanLyKiTucXa", "QuanLyKiTucXa\QuanLyKiTucXa.csproj", "{84477FB5-A460-4428-AE2E-937C9DCFD082}"
EndProject
Global
	GlobalSection(SolutionConfigurationPlatforms) = preSolution
		Debug|Any CPU = Debug|Any CPU
		Release|Any CPU = Release|Any CPU
	EndGlobalSection
	GlobalSection(ProjectConfigurationPlatforms) = postSolution
		{84477FB5-A460-4428-AE2E-937C9DCFD082}.Debug|Any CPU.ActiveCfg = Debug|Any CPU
		{84477FB5-A460-4428-AE2E-937C9DCFD082}.Debug|Any CPU.Build.0 = Debug|Any CPU
		{84477FB5-A460-4428-AE2E-937C9DCFD082}.Release|Any CPU.ActiveCfg = Release|Any CPU
		{84477FB5-A460-4428-AE2E-937C9DCFD082}.Release|Any CPU.Build.0 = Release|Any CPU
	EndGlobalSection
	GlobalSection(SolutionProperties) = preSolution
		HideSolutionNode = FALSE
	EndGlobalSection
	GlobalSection(ExtensibilityGlobals) = postSolution
		SolutionGuid = {C85DBFCB-0095-446C-82DD-1F11B3C2ECCD}
	EndGlobalSection
EndGlobal
